<?xml version="1.0" encoding="utf-8"?>
<Project ToolsVersion="4.0" xmlns="http://schemas.microsoft.com/developer/msbuild/2003">
  <ItemGroup>
    <Filter Include="Source Files">
      <UniqueIdentifier>{4FC737F1-C7A5-4376-A066-2A32D752A2FF}</UniqueIdentifier>
      <Extensions>cpp;c;cc;cxx;def;odl;idl;hpj;bat;asm;asmx</Extensions>
    </Filter>
    <Filter Include="Header Files">
      <UniqueIdentifier>{93995380-89BD-4b04-88EB-625FBE52EBFB}</UniqueIdentifier>
      <Extensions>h;hh;hpp;hxx;hm;inl;inc;xsd</Extensions>
    </Filter>
    <Filter Include="Resource Files">
      <UniqueIdentifier>{67DA6AB6-F800-4c08-8B7A-83BB121AAD01}</UniqueIdentifier>
      <Extensions>rc;ico;cur;bmp;dlg;rc2;rct;bin;rgs;gif;jpg;jpeg;jpe;resx;tiff;tif;png;wav;mfcribbon-ms</Extensions>
    </Filter>
    <Filter Include="Header Files\Dependencies">
      <UniqueIdentifier>{c117acc9-0b80-4f66-837f-281921954177}</UniqueIdentifier>
    </Filter>
    <Filter Include="Source Files\States">
      <UniqueIdentifier>{3fec53d4-82d2-4753-9b69-c20d5d8f9291}</UniqueIdentifier>
    </Filter>
    <Filter Include="Header Files\States">
      <UniqueIdentifier>{6f2f1dde-c171-4960-9ed1-53be819aad62}</UniqueIdentifier>
    </Filter>
    <Filter Include="Header Files\Map Data">
      <UniqueIdentifier>{62c1da20-06bc-4ed7-a52d-daed8a587278}</UniqueIdentifier>
    </Filter>
    <Filter Include="Source Files\Map Data">
      <UniqueIdentifier>{9840511e-3d1b-4783-b881-7d4b8c9e165f}</UniqueIdentifier>
    </Filter>
  </ItemGroup>
  <ItemGroup>
    <ClCompile Include="main.cpp">
      <Filter>Source Files</Filter>
    </ClCompile>
    <ClCompile Include="Platform.cpp">
      <Filter>Source Files</Filter>
    </ClCompile>
    <ClCompile Include="Utility.cpp">
      <Filter>Source Files</Filter>
    </ClCompile>
    <ClCompile Include="states\StateManager.cpp">
      <Filter>Source Files\States</Filter>
    </ClCompile>
    <ClCompile Include="states\State.cpp">
      <Filter>Source Files\States</Filter>
    </ClCompile>
    <ClCompile Include="GameState.cpp">
      <Filter>Source Files\States</Filter>
    </ClCompile>
    <ClCompile Include="Tile.cpp">
      <Filter>Source Files\Map Data</Filter>
    </ClCompile>
    <ClCompile Include="Entity.cpp">
      <Filter>Source Files</Filter>
    </ClCompile>
    <ClCompile Include="Map.cpp">
      <Filter>Source Files\Map Data</Filter>
    </ClCompile>
    <ClCompile Include="Texture.cpp">
      <Filter>Source Files</Filter>
    </ClCompile>
  </ItemGroup>
  <ItemGroup>
    <ClInclude Include="Platform.h">
      <Filter>Header Files</Filter>
    </ClInclude>
    <ClInclude Include="dependencies\SDL_mixer.h">
      <Filter>Header Files\Dependencies</Filter>
    </ClInclude>
    <ClInclude Include="dependencies\SDL.h">
      <Filter>Header Files\Dependencies</Filter>
    </ClInclude>
    <ClInclude Include="dependencies\SDL_image.h">
      <Filter>Header Files\Dependencies</Filter>
    </ClInclude>
    <ClInclude Include="dependencies\SDL_ttf.h">
      <Filter>Header Files\Dependencies</Filter>
    </ClInclude>
    <ClInclude Include="states\State.h">
      <Filter>Header Files\States</Filter>
    </ClInclude>
    <ClInclude Include="states\StateManager.h">
      <Filter>Header Files\States</Filter>
    </ClInclude>
    <ClInclude Include="Utility.h">
      <Filter>Header Files</Filter>
    </ClInclude>
    <ClInclude Include="Vec2.h">
      <Filter>Header Files</Filter>
    </ClInclude>
    <ClInclude Include="GameState.h">
      <Filter>Header Files\States</Filter>
    </ClInclude>
    <ClInclude Include="Tile.h">
      <Filter>Header Files\Map Data</Filter>
    </ClInclude>
    <ClInclude Include="Entity.h">
      <Filter>Header Files</Filter>
    </ClInclude>
    <ClInclude Include="Map.h">
      <Filter>Header Files\Map Data</Filter>
    </ClInclude>
    <ClInclude Include="Texture.h">
      <Filter>Header Files</Filter>
    </ClInclude>
  </ItemGroup>
</Project>