<?xml version="1.0" encoding="utf-8"?>
<Project ToolsVersion="4.0" xmlns="http://schemas.microsoft.com/developer/msbuild/2003">
  <ItemGroup>
    <Filter Include="Source Files">
      <UniqueIdentifier>{4FC737F1-C7A5-4376-A066-2A32D752A2FF}</UniqueIdentifier>
      <Extensions>cpp;c;cc;cxx;def;odl;idl;hpj;bat;asm;asmx</Extensions>
    </Filter>
    <Filter Include="Header Files">
      <UniqueIdentifier>{93995380-89BD-4b04-88EB-625FBE52EBFB}</UniqueIdentifier>
      <Extensions>h;hh;hpp;hxx;hm;inl;inc;xsd</Extensions>
    </Filter>
    <Filter Include="Resource Files">
      <UniqueIdentifier>{67DA6AB6-F800-4c08-8B7A-83BB121AAD01}</UniqueIdentifier>
      <Extensions>rc;ico;cur;bmp;dlg;rc2;rct;bin;rgs;gif;jpg;jpeg;jpe;resx;tiff;tif;png;wav;mfcribbon-ms</Extensions>
    </Filter>
    <Filter Include="Header Files\Dependencies">
      <UniqueIdentifier>{c117acc9-0b80-4f66-837f-281921954177}</UniqueIdentifier>
    </Filter>
    <Filter Include="Header Files\States">
      <UniqueIdentifier>{6f2f1dde-c171-4960-9ed1-53be819aad62}</UniqueIdentifier>
    </Filter>
    <Filter Include="Header Files\Level Management">
      <UniqueIdentifier>{62c1da20-06bc-4ed7-a52d-daed8a587278}</UniqueIdentifier>
    </Filter>
    <Filter Include="Source Files\Level Management">
      <UniqueIdentifier>{9840511e-3d1b-4783-b881-7d4b8c9e165f}</UniqueIdentifier>
    </Filter>
    <Filter Include="Source Files\Entities">
      <UniqueIdentifier>{5dd10ea0-947c-4fcb-a4a0-82c3f1921583}</UniqueIdentifier>
    </Filter>
    <Filter Include="Header Files\Entities">
      <UniqueIdentifier>{144894b3-9f79-4ec4-b2c6-9096ba661e7d}</UniqueIdentifier>
    </Filter>
    <Filter Include="Header Files\Entities\Particles">
      <UniqueIdentifier>{c378345f-86d5-465e-a1b9-94ea1c645909}</UniqueIdentifier>
    </Filter>
    <Filter Include="Source Files\Entities\Particles">
      <UniqueIdentifier>{2878c3d2-5b0b-47cc-9dc0-392b7a4afc03}</UniqueIdentifier>
    </Filter>
    <Filter Include="Header Files\Audio">
      <UniqueIdentifier>{cb894405-c6c3-4b66-bb48-2dac7a814e6f}</UniqueIdentifier>
    </Filter>
    <Filter Include="Source Files\Audio">
      <UniqueIdentifier>{a55b474d-0661-46b2-bc2e-28fc9f43c269}</UniqueIdentifier>
    </Filter>
    <Filter Include="Header Files\Entities\Creatures">
      <UniqueIdentifier>{42f96ca9-44bc-4cb9-8c00-a3938338d3ad}</UniqueIdentifier>
    </Filter>
    <Filter Include="Source Files\Entities\Creatures">
      <UniqueIdentifier>{0cef3f76-cb8d-43a9-8696-1c5171f649d0}</UniqueIdentifier>
    </Filter>
    <Filter Include="Source Files\States">
      <UniqueIdentifier>{3fec53d4-82d2-4753-9b69-c20d5d8f9291}</UniqueIdentifier>
    </Filter>
  </ItemGroup>
  <ItemGroup>
    <ClCompile Include="main.cpp">
      <Filter>Source Files</Filter>
    </ClCompile>
    <ClCompile Include="Platform.cpp">
      <Filter>Source Files</Filter>
    </ClCompile>
    <ClCompile Include="Utility.cpp">
      <Filter>Source Files</Filter>
    </ClCompile>
    <ClCompile Include="states\StateManager.cpp">
      <Filter>Source Files\States</Filter>
    </ClCompile>
    <ClCompile Include="states\State.cpp">
      <Filter>Source Files\States</Filter>
    </ClCompile>
    <ClCompile Include="Texture.cpp">
      <Filter>Source Files</Filter>
    </ClCompile>
    <ClCompile Include="levelManagement\Tile.cpp">
      <Filter>Source Files\Level Management</Filter>
    </ClCompile>
    <ClCompile Include="levelManagement\TileType.cpp">
      <Filter>Source Files\Level Management</Filter>
    </ClCompile>
    <ClCompile Include="levelManagement\TileTypeManager.cpp">
      <Filter>Source Files\Level Management</Filter>
    </ClCompile>
    <ClCompile Include="entities\Entity.cpp">
      <Filter>Source Files\Entities</Filter>
    </ClCompile>
    <ClCompile Include="states\GameState.cpp">
      <Filter>Source Files\States</Filter>
    </ClCompile>
    <ClCompile Include="entities\particles\Particle.cpp">
      <Filter>Source Files\Entities\Particles</Filter>
    </ClCompile>
    <ClCompile Include="entities\particles\ParticleSystem.cpp">
      <Filter>Source Files\Entities\Particles</Filter>
    </ClCompile>
    <ClCompile Include="audio\Audio.cpp">
      <Filter>Source Files\Audio</Filter>
    </ClCompile>
    <ClCompile Include="audio\Music.cpp">
      <Filter>Source Files\Audio</Filter>
    </ClCompile>
    <ClCompile Include="audio\SFX.cpp">
      <Filter>Source Files\Audio</Filter>
    </ClCompile>
    <ClCompile Include="entities\EntityWithMotion.cpp">
      <Filter>Source Files\Entities</Filter>
    </ClCompile>
    <ClCompile Include="levelManagement\Map.cpp">
      <Filter>Source Files\Level Management</Filter>
    </ClCompile>
    <ClCompile Include="levelManagement\MapManager.cpp">
      <Filter>Source Files\Level Management</Filter>
    </ClCompile>
    <ClCompile Include="entities\creatures\Creature.cpp">
      <Filter>Source Files\Entities\Creatures</Filter>
    </ClCompile>
    <ClCompile Include="entities\creatures\CreatureManager.cpp">
      <Filter>Source Files\Entities\Creatures</Filter>
    </ClCompile>
    <ClCompile Include="entities\creatures\CreatureType.cpp">
      <Filter>Source Files\Entities\Creatures</Filter>
    </ClCompile>
  </ItemGroup>
  <ItemGroup>
    <ClInclude Include="Platform.h">
      <Filter>Header Files</Filter>
    </ClInclude>
    <ClInclude Include="dependencies\SDL_mixer.h">
      <Filter>Header Files\Dependencies</Filter>
    </ClInclude>
    <ClInclude Include="dependencies\SDL.h">
      <Filter>Header Files\Dependencies</Filter>
    </ClInclude>
    <ClInclude Include="dependencies\SDL_image.h">
      <Filter>Header Files\Dependencies</Filter>
    </ClInclude>
    <ClInclude Include="dependencies\SDL_ttf.h">
      <Filter>Header Files\Dependencies</Filter>
    </ClInclude>
    <ClInclude Include="states\State.h">
      <Filter>Header Files\States</Filter>
    </ClInclude>
    <ClInclude Include="states\StateManager.h">
      <Filter>Header Files\States</Filter>
    </ClInclude>
    <ClInclude Include="Utility.h">
      <Filter>Header Files</Filter>
    </ClInclude>
    <ClInclude Include="Vec2.h">
      <Filter>Header Files</Filter>
    </ClInclude>
    <ClInclude Include="Texture.h">
      <Filter>Header Files</Filter>
    </ClInclude>
    <ClInclude Include="entities\Entity.h">
      <Filter>Header Files\Entities</Filter>
    </ClInclude>
    <ClInclude Include="levelManagement\Tile.h">
      <Filter>Header Files\Level Management</Filter>
    </ClInclude>
    <ClInclude Include="levelManagement\TileType.h">
      <Filter>Header Files\Level Management</Filter>
    </ClInclude>
    <ClInclude Include="levelManagement\TileTypeManager.h">
      <Filter>Header Files\Level Management</Filter>
    </ClInclude>
    <ClInclude Include="states\GameState.h">
      <Filter>Header Files\States</Filter>
    </ClInclude>
    <ClInclude Include="levelManagement\Map.h">
      <Filter>Header Files\Level Management</Filter>
    </ClInclude>
    <ClInclude Include="levelManagement\MapManager.h">
      <Filter>Header Files\Level Management</Filter>
    </ClInclude>
    <ClInclude Include="entities\particles\Particle.h">
      <Filter>Header Files\Entities\Particles</Filter>
    </ClInclude>
    <ClInclude Include="entities\particles\ParticleSystem.h">
      <Filter>Header Files\Entities\Particles</Filter>
    </ClInclude>
    <ClInclude Include="audio\Audio.h">
      <Filter>Header Files\Audio</Filter>
    </ClInclude>
    <ClInclude Include="audio\Music.h">
      <Filter>Header Files\Audio</Filter>
    </ClInclude>
    <ClInclude Include="audio\SFX.h">
      <Filter>Header Files\Audio</Filter>
    </ClInclude>
    <ClInclude Include="entities\EntityWithMotion.h">
      <Filter>Header Files\Entities</Filter>
    </ClInclude>
    <ClInclude Include="entities\creatures\Creature.h">
      <Filter>Header Files\Entities\Creatures</Filter>
    </ClInclude>
    <ClInclude Include="entities\creatures\CreatureManager.h">
      <Filter>Header Files\Entities\Creatures</Filter>
    </ClInclude>
    <ClInclude Include="entities\creatures\CreatureType.h">
      <Filter>Header Files\Entities\Creatures</Filter>
    </ClInclude>
  </ItemGroup>
</Project>